
Microsoft Visual Studio Solution File, Format Version 12.00
# Visual Studio 2013
VisualStudioVersion = 12.0.31010.0
MinimumVisualStudioVersion = 10.0.40219.1
Project("{FAE04EC0-301F-11D3-BF4B-00C04F79EFBC}") = "Wb", "Wb\Wb.csproj", "{96A1AC10-CE86-489B-8F06-2471E4B38302}"
EndProject
Project("{FAE04EC0-301F-11D3-BF4B-00C04F79EFBC}") = "WOFClientProxy", "WOFClientProxy\WOFClientProxy.csproj", "{498F31C6-CC77-4377-A411-660504F0689D}"
EndProject
Global
	GlobalSection(SolutionConfigurationPlatforms) = preSolution
		Debug|Any CPU = Debug|Any CPU
		Release|Any CPU = Release|Any CPU
	EndGlobalSection
	GlobalSection(ProjectConfigurationPlatforms) = postSolution
		{96A1AC10-CE86-489B-8F06-2471E4B38302}.Debug|Any CPU.ActiveCfg = Debug|Any CPU
		{96A1AC10-CE86-489B-8F06-2471E4B38302}.Debug|Any CPU.Build.0 = Debug|Any CPU
		{96A1AC10-CE86-489B-8F06-2471E4B38302}.Release|Any CPU.ActiveCfg = Release|Any CPU
		{96A1AC10-CE86-489B-8F06-2471E4B38302}.Release|Any CPU.Build.0 = Release|Any CPU
		{498F31C6-CC77-4377-A411-660504F0689D}.Debug|Any CPU.ActiveCfg = Debug|Any CPU
		{498F31C6-CC77-4377-A411-660504F0689D}.Debug|Any CPU.Build.0 = Debug|Any CPU
		{498F31C6-CC77-4377-A411-660504F0689D}.Release|Any CPU.ActiveCfg = Release|Any CPU
		{498F31C6-CC77-4377-A411-660504F0689D}.Release|Any CPU.Build.0 = Release|Any CPU
	EndGlobalSection
	GlobalSection(SolutionProperties) = preSolution
		HideSolutionNode = FALSE
	EndGlobalSection
EndGlobal
